
Microsoft Visual Studio Solution File, Format Version 12.00
# Visual Studio Version 17
VisualStudioVersion = 17.14.36310.24 d17.14
MinimumVisualStudioVersion = 10.0.40219.1
Project("{FAE04EC0-301F-11D3-BF4B-00C04F79EFBC}") = "M2Corte2025.FormationFred.DataContracts", "M2Corte2025.FormationFred.DataContracts\M2Corte2025.FormationFred.DataContracts.csproj", "{C491BB4B-58B1-46A8-92A5-C710BDE21E1B}"
EndProject
Project("{FAE04EC0-301F-11D3-BF4B-00C04F79EFBC}") = "M2Corte2025.FormationFred.ServicesContracts", "M2Corte2025.FormationFred.ServicesContracts\M2Corte2025.FormationFred.ServicesContracts.csproj", "{D632AA76-7317-4843-8E07-6016ADA3964A}"
EndProject
Project("{FAE04EC0-301F-11D3-BF4B-00C04F79EFBC}") = "M2Corte2025.FormationFred.Services", "M2Corte2025.FormationFred.Services\M2Corte2025.FormationFred.Services.csproj", "{BCFDE755-07ED-4276-A770-9FE4F8053714}"
EndProject
Project("{FAE04EC0-301F-11D3-BF4B-00C04F79EFBC}") = "M2Corte2025.FormationFred.Ihm", "M2Corte2025.FormationFred.Ihm\M2Corte2025.FormationFred.Ihm.csproj", "{A22F16D0-81AE-4560-B98B-F5D9ED9B7BF5}"
EndProject
Global
	GlobalSection(SolutionConfigurationPlatforms) = preSolution
		Debug|Any CPU = Debug|Any CPU
		Release|Any CPU = Release|Any CPU
	EndGlobalSection
	GlobalSection(ProjectConfigurationPlatforms) = postSolution
		{C491BB4B-58B1-46A8-92A5-C710BDE21E1B}.Debug|Any CPU.ActiveCfg = Debug|Any CPU
		{C491BB4B-58B1-46A8-92A5-C710BDE21E1B}.Debug|Any CPU.Build.0 = Debug|Any CPU
		{C491BB4B-58B1-46A8-92A5-C710BDE21E1B}.Release|Any CPU.ActiveCfg = Release|Any CPU
		{C491BB4B-58B1-46A8-92A5-C710BDE21E1B}.Release|Any CPU.Build.0 = Release|Any CPU
		{D632AA76-7317-4843-8E07-6016ADA3964A}.Debug|Any CPU.ActiveCfg = Debug|Any CPU
		{D632AA76-7317-4843-8E07-6016ADA3964A}.Debug|Any CPU.Build.0 = Debug|Any CPU
		{D632AA76-7317-4843-8E07-6016ADA3964A}.Release|Any CPU.ActiveCfg = Release|Any CPU
		{D632AA76-7317-4843-8E07-6016ADA3964A}.Release|Any CPU.Build.0 = Release|Any CPU
		{BCFDE755-07ED-4276-A770-9FE4F8053714}.Debug|Any CPU.ActiveCfg = Debug|Any CPU
		{BCFDE755-07ED-4276-A770-9FE4F8053714}.Debug|Any CPU.Build.0 = Debug|Any CPU
		{BCFDE755-07ED-4276-A770-9FE4F8053714}.Release|Any CPU.ActiveCfg = Release|Any CPU
		{BCFDE755-07ED-4276-A770-9FE4F8053714}.Release|Any CPU.Build.0 = Release|Any CPU
		{A22F16D0-81AE-4560-B98B-F5D9ED9B7BF5}.Debug|Any CPU.ActiveCfg = Debug|Any CPU
		{A22F16D0-81AE-4560-B98B-F5D9ED9B7BF5}.Debug|Any CPU.Build.0 = Debug|Any CPU
		{A22F16D0-81AE-4560-B98B-F5D9ED9B7BF5}.Release|Any CPU.ActiveCfg = Release|Any CPU
		{A22F16D0-81AE-4560-B98B-F5D9ED9B7BF5}.Release|Any CPU.Build.0 = Release|Any CPU
	EndGlobalSection
	GlobalSection(SolutionProperties) = preSolution
		HideSolutionNode = FALSE
	EndGlobalSection
	GlobalSection(ExtensibilityGlobals) = postSolution
		SolutionGuid = {B184C949-42D2-46B0-A4A1-218CD7F416AD}
	EndGlobalSection
EndGlobal
